
Microsoft Visual Studio Solution File, Format Version 12.00
# Visual Studio 15
VisualStudioVersion = 15.0.26124.0
MinimumVisualStudioVersion = 15.0.26124.0
Project("{FAE04EC0-301F-11D3-BF4B-00C04F79EFBC}") = "Unisinos.Spotify.Dominio", "Unisinos.Spotify.Dominio\Unisinos.Spotify.Dominio.csproj", "{C29F5699-4241-423B-88A5-6ACC38052C2F}"
EndProject
Project("{FAE04EC0-301F-11D3-BF4B-00C04F79EFBC}") = "Unisinos.Spotify.Infra", "Unisinos.Spotify.Infra\Unisinos.Spotify.Infra.csproj", "{2E0CCF9A-F617-4BE7-A692-DDCE16FA1DF5}"
EndProject
Project("{FAE04EC0-301F-11D3-BF4B-00C04F79EFBC}") = "Unisinos.Spotify.WebApi", "Unisinos.Spotify.WebApi\Unisinos.Spotify.WebApi.csproj", "{B35982CD-5F47-4D19-B60C-3EE200456433}"
EndProject
Project("{FAE04EC0-301F-11D3-BF4B-00C04F79EFBC}") = "Unisinos.Spotify.JsonCli", "Unisinos.Spotify.JsonCli\Unisinos.Spotify.JsonCli.csproj", "{E9B8A3FC-19D4-4980-BE41-05D31BC1E62C}"
EndProject
Global
	GlobalSection(SolutionConfigurationPlatforms) = preSolution
		Debug|Any CPU = Debug|Any CPU
		Debug|x64 = Debug|x64
		Debug|x86 = Debug|x86
		Release|Any CPU = Release|Any CPU
		Release|x64 = Release|x64
		Release|x86 = Release|x86
	EndGlobalSection
	GlobalSection(SolutionProperties) = preSolution
		HideSolutionNode = FALSE
	EndGlobalSection
	GlobalSection(ProjectConfigurationPlatforms) = postSolution
		{C29F5699-4241-423B-88A5-6ACC38052C2F}.Debug|Any CPU.ActiveCfg = Debug|Any CPU
		{C29F5699-4241-423B-88A5-6ACC38052C2F}.Debug|Any CPU.Build.0 = Debug|Any CPU
		{C29F5699-4241-423B-88A5-6ACC38052C2F}.Debug|x64.ActiveCfg = Debug|Any CPU
		{C29F5699-4241-423B-88A5-6ACC38052C2F}.Debug|x64.Build.0 = Debug|Any CPU
		{C29F5699-4241-423B-88A5-6ACC38052C2F}.Debug|x86.ActiveCfg = Debug|Any CPU
		{C29F5699-4241-423B-88A5-6ACC38052C2F}.Debug|x86.Build.0 = Debug|Any CPU
		{C29F5699-4241-423B-88A5-6ACC38052C2F}.Release|Any CPU.ActiveCfg = Release|Any CPU
		{C29F5699-4241-423B-88A5-6ACC38052C2F}.Release|Any CPU.Build.0 = Release|Any CPU
		{C29F5699-4241-423B-88A5-6ACC38052C2F}.Release|x64.ActiveCfg = Release|Any CPU
		{C29F5699-4241-423B-88A5-6ACC38052C2F}.Release|x64.Build.0 = Release|Any CPU
		{C29F5699-4241-423B-88A5-6ACC38052C2F}.Release|x86.ActiveCfg = Release|Any CPU
		{C29F5699-4241-423B-88A5-6ACC38052C2F}.Release|x86.Build.0 = Release|Any CPU
		{2E0CCF9A-F617-4BE7-A692-DDCE16FA1DF5}.Debug|Any CPU.ActiveCfg = Debug|Any CPU
		{2E0CCF9A-F617-4BE7-A692-DDCE16FA1DF5}.Debug|Any CPU.Build.0 = Debug|Any CPU
		{2E0CCF9A-F617-4BE7-A692-DDCE16FA1DF5}.Debug|x64.ActiveCfg = Debug|Any CPU
		{2E0CCF9A-F617-4BE7-A692-DDCE16FA1DF5}.Debug|x64.Build.0 = Debug|Any CPU
		{2E0CCF9A-F617-4BE7-A692-DDCE16FA1DF5}.Debug|x86.ActiveCfg = Debug|Any CPU
		{2E0CCF9A-F617-4BE7-A692-DDCE16FA1DF5}.Debug|x86.Build.0 = Debug|Any CPU
		{2E0CCF9A-F617-4BE7-A692-DDCE16FA1DF5}.Release|Any CPU.ActiveCfg = Release|Any CPU
		{2E0CCF9A-F617-4BE7-A692-DDCE16FA1DF5}.Release|Any CPU.Build.0 = Release|Any CPU
		{2E0CCF9A-F617-4BE7-A692-DDCE16FA1DF5}.Release|x64.ActiveCfg = Release|Any CPU
		{2E0CCF9A-F617-4BE7-A692-DDCE16FA1DF5}.Release|x64.Build.0 = Release|Any CPU
		{2E0CCF9A-F617-4BE7-A692-DDCE16FA1DF5}.Release|x86.ActiveCfg = Release|Any CPU
		{2E0CCF9A-F617-4BE7-A692-DDCE16FA1DF5}.Release|x86.Build.0 = Release|Any CPU
		{B35982CD-5F47-4D19-B60C-3EE200456433}.Debug|Any CPU.ActiveCfg = Debug|Any CPU
		{B35982CD-5F47-4D19-B60C-3EE200456433}.Debug|Any CPU.Build.0 = Debug|Any CPU
		{B35982CD-5F47-4D19-B60C-3EE200456433}.Debug|x64.ActiveCfg = Debug|Any CPU
		{B35982CD-5F47-4D19-B60C-3EE200456433}.Debug|x64.Build.0 = Debug|Any CPU
		{B35982CD-5F47-4D19-B60C-3EE200456433}.Debug|x86.ActiveCfg = Debug|Any CPU
		{B35982CD-5F47-4D19-B60C-3EE200456433}.Debug|x86.Build.0 = Debug|Any CPU
		{B35982CD-5F47-4D19-B60C-3EE200456433}.Release|Any CPU.ActiveCfg = Release|Any CPU
		{B35982CD-5F47-4D19-B60C-3EE200456433}.Release|Any CPU.Build.0 = Release|Any CPU
		{B35982CD-5F47-4D19-B60C-3EE200456433}.Release|x64.ActiveCfg = Release|Any CPU
		{B35982CD-5F47-4D19-B60C-3EE200456433}.Release|x64.Build.0 = Release|Any CPU
		{B35982CD-5F47-4D19-B60C-3EE200456433}.Release|x86.ActiveCfg = Release|Any CPU
		{B35982CD-5F47-4D19-B60C-3EE200456433}.Release|x86.Build.0 = Release|Any CPU
		{E9B8A3FC-19D4-4980-BE41-05D31BC1E62C}.Debug|Any CPU.ActiveCfg = Debug|Any CPU
		{E9B8A3FC-19D4-4980-BE41-05D31BC1E62C}.Debug|Any CPU.Build.0 = Debug|Any CPU
		{E9B8A3FC-19D4-4980-BE41-05D31BC1E62C}.Debug|x64.ActiveCfg = Debug|x64
		{E9B8A3FC-19D4-4980-BE41-05D31BC1E62C}.Debug|x64.Build.0 = Debug|x64
		{E9B8A3FC-19D4-4980-BE41-05D31BC1E62C}.Debug|x86.ActiveCfg = Debug|x86
		{E9B8A3FC-19D4-4980-BE41-05D31BC1E62C}.Debug|x86.Build.0 = Debug|x86
		{E9B8A3FC-19D4-4980-BE41-05D31BC1E62C}.Release|Any CPU.ActiveCfg = Release|Any CPU
		{E9B8A3FC-19D4-4980-BE41-05D31BC1E62C}.Release|Any CPU.Build.0 = Release|Any CPU
		{E9B8A3FC-19D4-4980-BE41-05D31BC1E62C}.Release|x64.ActiveCfg = Release|x64
		{E9B8A3FC-19D4-4980-BE41-05D31BC1E62C}.Release|x64.Build.0 = Release|x64
		{E9B8A3FC-19D4-4980-BE41-05D31BC1E62C}.Release|x86.ActiveCfg = Release|x86
		{E9B8A3FC-19D4-4980-BE41-05D31BC1E62C}.Release|x86.Build.0 = Release|x86
	EndGlobalSection
EndGlobal
